
Microsoft Visual Studio Solution File, Format Version 12.00
# Visual Studio 2013
VisualStudioVersion = 12.0.40629.0
MinimumVisualStudioVersion = 10.0.40219.1
Project("{FAE04EC0-301F-11D3-BF4B-00C04F79EFBC}") = "CSBattle", "CSBattle\CSBattle.csproj", "{AE20D0C3-0893-4FD6-B8E9-2E87F72832C7}"
EndProject
Project("{FAE04EC0-301F-11D3-BF4B-00C04F79EFBC}") = "DesignPatterns", "DesignPatterns\DesignPatterns.csproj", "{10D057BE-11DC-4473-B1FE-EDBB24984EC0}"
EndProject
Global
	GlobalSection(SolutionConfigurationPlatforms) = preSolution
		Debug|Any CPU = Debug|Any CPU
		Release|Any CPU = Release|Any CPU
	EndGlobalSection
	GlobalSection(ProjectConfigurationPlatforms) = postSolution
		{AE20D0C3-0893-4FD6-B8E9-2E87F72832C7}.Debug|Any CPU.ActiveCfg = Debug|Any CPU
		{AE20D0C3-0893-4FD6-B8E9-2E87F72832C7}.Debug|Any CPU.Build.0 = Debug|Any CPU
		{AE20D0C3-0893-4FD6-B8E9-2E87F72832C7}.Release|Any CPU.ActiveCfg = Release|Any CPU
		{AE20D0C3-0893-4FD6-B8E9-2E87F72832C7}.Release|Any CPU.Build.0 = Release|Any CPU
		{10D057BE-11DC-4473-B1FE-EDBB24984EC0}.Debug|Any CPU.ActiveCfg = Debug|Any CPU
		{10D057BE-11DC-4473-B1FE-EDBB24984EC0}.Debug|Any CPU.Build.0 = Debug|Any CPU
		{10D057BE-11DC-4473-B1FE-EDBB24984EC0}.Release|Any CPU.ActiveCfg = Release|Any CPU
		{10D057BE-11DC-4473-B1FE-EDBB24984EC0}.Release|Any CPU.Build.0 = Release|Any CPU
	EndGlobalSection
	GlobalSection(SolutionProperties) = preSolution
		HideSolutionNode = FALSE
	EndGlobalSection
EndGlobal
