
Microsoft Visual Studio Solution File, Format Version 11.00
# Visual Studio 2010
# SharpDevelop 5.1
Project("{FAE04EC0-301F-11D3-BF4B-00C04F79EFBC}") = "Calculator", "src\Calculator.Sharp5.csproj", "{B7ED2A1A-6A00-4261-8E43-CE1D25B02394}"
EndProject
Global
	GlobalSection(SolutionConfigurationPlatforms) = preSolution
		Debug|Any CPU = Debug|Any CPU
		Release|Any CPU = Release|Any CPU
	EndGlobalSection
	GlobalSection(ProjectConfigurationPlatforms) = postSolution
		{B7ED2A1A-6A00-4261-8E43-CE1D25B02394}.Debug|Any CPU.ActiveCfg = Debug|Any CPU
		{B7ED2A1A-6A00-4261-8E43-CE1D25B02394}.Debug|Any CPU.Build.0 = Debug|Any CPU
		{B7ED2A1A-6A00-4261-8E43-CE1D25B02394}.Release|Any CPU.ActiveCfg = Release|Any CPU
		{B7ED2A1A-6A00-4261-8E43-CE1D25B02394}.Release|Any CPU.Build.0 = Release|Any CPU
	EndGlobalSection
EndGlobal
