
Microsoft Visual Studio Solution File, Format Version 12.00
# Visual Studio 14
VisualStudioVersion = 14.0.25420.1
MinimumVisualStudioVersion = 10.0.40219.1
Project("{FAE04EC0-301F-11D3-BF4B-00C04F79EFBC}") = "CSPluginDemo", "CSPluginDemo\CSPluginDemo.csproj", "{5CFBD8C8-9D43-4B51-8BD0-158BA9C94908}"
EndProject
Project("{FAE04EC0-301F-11D3-BF4B-00C04F79EFBC}") = "IPlugin", "IPlugin\IPlugin.csproj", "{48E91E40-7F05-44A5-85AE-717B6CC817B0}"
EndProject
Project("{FAE04EC0-301F-11D3-BF4B-00C04F79EFBC}") = "ExeCutText", "ExeCutText\ExeCutText.csproj", "{F2D12BAE-5AC7-4580-B52D-E65F856666F8}"
EndProject
Project("{FAE04EC0-301F-11D3-BF4B-00C04F79EFBC}") = "ExePasteText", "ExePasteText\ExePasteText.csproj", "{8C36FDDC-E830-44E8-94BE-6B160B35F615}"
EndProject
Project("{FAE04EC0-301F-11D3-BF4B-00C04F79EFBC}") = "ExeCountText", "ExeCountText\ExeCountText.csproj", "{B8E6A457-DDFC-4823-9D52-288D06C9A09A}"
EndProject
Project("{FAE04EC0-301F-11D3-BF4B-00C04F79EFBC}") = "ParentForm", "ParentForm\ParentForm.csproj", "{3D5733B2-6C33-4897-90EC-A553ECCF517A}"
EndProject
Project("{FAE04EC0-301F-11D3-BF4B-00C04F79EFBC}") = "PicForm", "PicForm\PicForm.csproj", "{D9090D41-A047-4C16-A89A-686B3FC23AC4}"
EndProject
Global
	GlobalSection(SolutionConfigurationPlatforms) = preSolution
		Debug|Any CPU = Debug|Any CPU
		Release|Any CPU = Release|Any CPU
	EndGlobalSection
	GlobalSection(ProjectConfigurationPlatforms) = postSolution
		{5CFBD8C8-9D43-4B51-8BD0-158BA9C94908}.Debug|Any CPU.ActiveCfg = Debug|Any CPU
		{5CFBD8C8-9D43-4B51-8BD0-158BA9C94908}.Debug|Any CPU.Build.0 = Debug|Any CPU
		{5CFBD8C8-9D43-4B51-8BD0-158BA9C94908}.Release|Any CPU.ActiveCfg = Release|Any CPU
		{5CFBD8C8-9D43-4B51-8BD0-158BA9C94908}.Release|Any CPU.Build.0 = Release|Any CPU
		{48E91E40-7F05-44A5-85AE-717B6CC817B0}.Debug|Any CPU.ActiveCfg = Debug|Any CPU
		{48E91E40-7F05-44A5-85AE-717B6CC817B0}.Debug|Any CPU.Build.0 = Debug|Any CPU
		{48E91E40-7F05-44A5-85AE-717B6CC817B0}.Release|Any CPU.ActiveCfg = Release|Any CPU
		{48E91E40-7F05-44A5-85AE-717B6CC817B0}.Release|Any CPU.Build.0 = Release|Any CPU
		{F2D12BAE-5AC7-4580-B52D-E65F856666F8}.Debug|Any CPU.ActiveCfg = Debug|Any CPU
		{F2D12BAE-5AC7-4580-B52D-E65F856666F8}.Debug|Any CPU.Build.0 = Debug|Any CPU
		{F2D12BAE-5AC7-4580-B52D-E65F856666F8}.Release|Any CPU.ActiveCfg = Release|Any CPU
		{F2D12BAE-5AC7-4580-B52D-E65F856666F8}.Release|Any CPU.Build.0 = Release|Any CPU
		{8C36FDDC-E830-44E8-94BE-6B160B35F615}.Debug|Any CPU.ActiveCfg = Debug|Any CPU
		{8C36FDDC-E830-44E8-94BE-6B160B35F615}.Debug|Any CPU.Build.0 = Debug|Any CPU
		{8C36FDDC-E830-44E8-94BE-6B160B35F615}.Release|Any CPU.ActiveCfg = Release|Any CPU
		{8C36FDDC-E830-44E8-94BE-6B160B35F615}.Release|Any CPU.Build.0 = Release|Any CPU
		{B8E6A457-DDFC-4823-9D52-288D06C9A09A}.Debug|Any CPU.ActiveCfg = Debug|Any CPU
		{B8E6A457-DDFC-4823-9D52-288D06C9A09A}.Debug|Any CPU.Build.0 = Debug|Any CPU
		{B8E6A457-DDFC-4823-9D52-288D06C9A09A}.Release|Any CPU.ActiveCfg = Release|Any CPU
		{B8E6A457-DDFC-4823-9D52-288D06C9A09A}.Release|Any CPU.Build.0 = Release|Any CPU
		{3D5733B2-6C33-4897-90EC-A553ECCF517A}.Debug|Any CPU.ActiveCfg = Debug|Any CPU
		{3D5733B2-6C33-4897-90EC-A553ECCF517A}.Debug|Any CPU.Build.0 = Debug|Any CPU
		{3D5733B2-6C33-4897-90EC-A553ECCF517A}.Release|Any CPU.ActiveCfg = Release|Any CPU
		{3D5733B2-6C33-4897-90EC-A553ECCF517A}.Release|Any CPU.Build.0 = Release|Any CPU
		{D9090D41-A047-4C16-A89A-686B3FC23AC4}.Debug|Any CPU.ActiveCfg = Debug|Any CPU
		{D9090D41-A047-4C16-A89A-686B3FC23AC4}.Debug|Any CPU.Build.0 = Debug|Any CPU
		{D9090D41-A047-4C16-A89A-686B3FC23AC4}.Release|Any CPU.ActiveCfg = Release|Any CPU
		{D9090D41-A047-4C16-A89A-686B3FC23AC4}.Release|Any CPU.Build.0 = Release|Any CPU
	EndGlobalSection
	GlobalSection(SolutionProperties) = preSolution
		HideSolutionNode = FALSE
	EndGlobalSection
EndGlobal
