
Microsoft Visual Studio Solution File, Format Version 12.00
# Visual Studio 15
VisualStudioVersion = 15.0.26403.3
MinimumVisualStudioVersion = 10.0.40219.1
Project("{FAE04EC0-301F-11D3-BF4B-00C04F79EFBC}") = "CSDocxGenerator", "CSDocxGenerator\CSDocxGenerator.csproj", "{CE0DA718-EC9B-4016-AE66-8803DA675A72}"
EndProject
Global
	GlobalSection(SolutionConfigurationPlatforms) = preSolution
		Debug|Any CPU = Debug|Any CPU
		Release|Any CPU = Release|Any CPU
	EndGlobalSection
	GlobalSection(ProjectConfigurationPlatforms) = postSolution
		{CE0DA718-EC9B-4016-AE66-8803DA675A72}.Debug|Any CPU.ActiveCfg = Debug|Any CPU
		{CE0DA718-EC9B-4016-AE66-8803DA675A72}.Debug|Any CPU.Build.0 = Debug|Any CPU
		{CE0DA718-EC9B-4016-AE66-8803DA675A72}.Release|Any CPU.ActiveCfg = Release|Any CPU
		{CE0DA718-EC9B-4016-AE66-8803DA675A72}.Release|Any CPU.Build.0 = Release|Any CPU
	EndGlobalSection
	GlobalSection(SolutionProperties) = preSolution
		HideSolutionNode = FALSE
	EndGlobalSection
EndGlobal
